// !$*UTF8*$!
{
	archiveVersion = 1;
	classes = {
	};
	objectVersion = 50;
	objects = {

/* Begin PBXBuildFile section */
		021A5EA1262D8DF600C1A049 /* AppDelegate.swift in Sources */ = {isa = PBXBuildFile; fileRef = 021A5EA0262D8DF600C1A049 /* AppDelegate.swift */; };
		021A5EA3262D8DF600C1A049 /* SceneDelegate.swift in Sources */ = {isa = PBXBuildFile; fileRef = 021A5EA2262D8DF600C1A049 /* SceneDelegate.swift */; };
		021A5EA5262D8DF600C1A049 /* ViewController.swift in Sources */ = {isa = PBXBuildFile; fileRef = 021A5EA4262D8DF600C1A049 /* ViewController.swift */; };
		021A5EA8262D8DF600C1A049 /* Main.storyboard in Resources */ = {isa = PBXBuildFile; fileRef = 021A5EA6262D8DF600C1A049 /* Main.storyboard */; };
		021A5EAA262D8DFA00C1A049 /* Assets.xcassets in Resources */ = {isa = PBXBuildFile; fileRef = 021A5EA9262D8DFA00C1A049 /* Assets.xcassets */; };
		021A5EAD262D8DFA00C1A049 /* LaunchScreen.storyboard in Resources */ = {isa = PBXBuildFile; fileRef = 021A5EAB262D8DFA00C1A049 /* LaunchScreen.storyboard */; };
/* End PBXBuildFile section */

/* Begin PBXFileReference section */
		021A5E9D262D8DF600C1A049 /* firstkadaiApp.app */ = {isa = PBXFileReference; explicitFileType = wrapper.application; includeInIndex = 0; path = firstkadaiApp.app; sourceTree = BUILT_PRODUCTS_DIR; };
		021A5EA0262D8DF600C1A049 /* AppDelegate.swift */ = {isa = PBXFileReference; lastKnownFileType = sourcecode.swift; path = AppDelegate.swift; sourceTree = "<group>"; };
		021A5EA2262D8DF600C1A049 /* SceneDelegate.swift */ = {isa = PBXFileReference; lastKnownFileType = sourcecode.swift; path = SceneDelegate.swift; sourceTree = "<group>"; };
		021A5EA4262D8DF600C1A049 /* ViewController.swift */ = {isa = PBXFileReference; lastKnownFileType = sourcecode.swift; path = ViewController.swift; sourceTree = "<group>"; };
		021A5EA7262D8DF600C1A049 /* Base */ = {isa = PBXFileReference; lastKnownFileType = file.storyboard; name = Base; path = Base.lproj/Main.storyboard; sourceTree = "<group>"; };
		021A5EA9262D8DFA00C1A049 /* Assets.xcassets */ = {isa = PBXFileReference; lastKnownFileType = folder.assetcatalog; path = Assets.xcassets; sourceTree = "<group>"; };
		021A5EAC262D8DFA00C1A049 /* Base */ = {isa = PBXFileReference; lastKnownFileType = file.storyboard; name = Base; path = Base.lproj/LaunchScreen.storyboard; sourceTree = "<group>"; };
		021A5EAE262D8DFA00C1A049 /* Info.plist */ = {isa = PBXFileReference; lastKnownFileType = text.plist.xml; path = Info.plist; sourceTree = "<group>"; };
/* End PBXFileReference section */

/* Begin PBXFrameworksBuildPhase section */
		021A5E9A262D8DF600C1A049 /* Frameworks */ = {
			isa = PBXFrameworksBuildPhase;
			buildActionMask = 2147483647;
			files = (
			);
			runOnlyForDeploymentPostprocessing = 0;
		};
/* End PBXFrameworksBuildPhase section */

/* Begin PBXGroup section */
		021A5E94262D8DF600C1A049 = {
			isa = PBXGroup;
			children = (
				021A5E9F262D8DF600C1A049 /* firstkadaiApp */,
				021A5E9E262D8DF600C1A049 /* Products */,
			);
			sourceTree = "<group>";
		};
		021A5E9E262D8DF600C1A049 /* Products */ = {
			isa = PBXGroup;
			children = (
				021A5E9D262D8DF600C1A049 /* firstkadaiApp.app */,
			);
			name = Products;
			sourceTree = "<group>";
		};
		021A5E9F262D8DF600C1A049 /* firstkadaiApp */ = {
			isa = PBXGroup;
			children = (
				021A5EA0262D8DF600C1A049 /* AppDelegate.swift */,
				021A5EA2262D8DF600C1A049 /* SceneDelegate.swift */,
				021A5EA4262D8DF600C1A049 /* ViewController.swift */,
				021A5EA6262D8DF600C1A049 /* Main.storyboard */,
				021A5EA9262D8DFA00C1A049 /* Assets.xcassets */,
				021A5EAB262D8DFA00C1A049 /* LaunchScreen.storyboard */,
				021A5EAE262D8DFA00C1A049 /* Info.plist */,
			);
			path = firstkadaiApp;
			sourceTree = "<group>";
		};
/* End PBXGroup section */

/* Begin PBXNativeTarget section */
		021A5E9C262D8DF600C1A049 /* firstkadaiApp */ = {
			isa = PBXNativeTarget;
			buildConfigurationList = 021A5EB1262D8DFA00C1A049 /* Build configuration list for PBXNativeTarget "firstkadaiApp" */;
			buildPhases = (
				021A5E99262D8DF600C1A049 /* Sources */,
				021A5E9A262D8DF600C1A049 /* Frameworks */,
				021A5E9B262D8DF600C1A049 /* Resources */,
			);
			buildRules = (
			);
			dependencies = (
			);
			name = firstkadaiApp;
			productName = firstkadaiApp;
			productReference = 021A5E9D262D8DF600C1A049 /* firstkadaiApp.app */;
			productType = "com.apple.product-type.application";
		};
/* End PBXNativeTarget section */

/* Begin PBXProject section */
		021A5E95262D8DF600C1A049 /* Project object */ = {
			isa = PBXProject;
			attributes = {
				LastSwiftUpdateCheck = 1240;
				LastUpgradeCheck = 1240;
				TargetAttributes = {
					021A5E9C262D8DF600C1A049 = {
						CreatedOnToolsVersion = 12.4;
					};
				};
			};
			buildConfigurationList = 021A5E98262D8DF600C1A049 /* Build configuration list for PBXProject "firstkadaiApp" */;
			compatibilityVersion = "Xcode 9.3";
			developmentRegion = en;
			hasScannedForEncodings = 0;
			knownRegions = (
				en,
				Base,
			);
			mainGroup = 021A5E94262D8DF600C1A049;
			productRefGroup = 021A5E9E262D8DF600C1A049 /* Products */;
			projectDirPath = "";
			projectRoot = "";
			targets = (
				021A5E9C262D8DF600C1A049 /* firstkadaiApp */,
			);
		};
/* End PBXProject section */

/* Begin PBXResourcesBuildPhase section */
		021A5E9B262D8DF600C1A049 /* Resources */ = {
			isa = PBXResourcesBuildPhase;
			buildActionMask = 2147483647;
			files = (
				021A5EAD262D8DFA00C1A049 /* LaunchScreen.storyboard in Resources */,
				021A5EAA262D8DFA00C1A049 /* Assets.xcassets in Resources */,
				021A5EA8262D8DF600C1A049 /* Main.storyboard in Resources */,
			);
			runOnlyForDeploymentPostprocessing = 0;
		};
/* End PBXResourcesBuildPhase section */

/* Begin PBXSourcesBuildPhase section */
		021A5E99262D8DF600C1A049 /* Sources */ = {
			isa = PBXSourcesBuildPhase;
			buildActionMask = 2147483647;
			files = (
				021A5EA5262D8DF600C1A049 /* ViewController.swift in Sources */,
				021A5EA1262D8DF600C1A049 /* AppDelegate.swift in Sources */,
				021A5EA3262D8DF600C1A049 /* SceneDelegate.swift in Sources */,
			);
			runOnlyForDeploymentPostprocessing = 0;
		};
/* End PBXSourcesBuildPhase section */

/* Begin PBXVariantGroup section */
		021A5EA6262D8DF600C1A049 /* Main.storyboard */ = {
			isa = PBXVariantGroup;
			children = (
				021A5EA7262D8DF600C1A049 /* Base */,
			);
			name = Main.storyboard;
			sourceTree = "<group>";
		};
		021A5EAB262D8DFA00C1A049 /* LaunchScreen.storyboard */ = {
			isa = PBXVariantGroup;
			children = (
				021A5EAC262D8DFA00C1A049 /* Base */,
			);
			name = LaunchScreen.storyboard;
			sourceTree = "<group>";
		};
/* End PBXVariantGroup section */

/* Begin XCBuildConfiguration section */
		021A5EAF262D8DFA00C1A049 /* Debug */ = {
			isa = XCBuildConfiguration;
			buildSettings = {
				ALWAYS_SEARCH_USER_PATHS = NO;
				CLANG_ANALYZER_NONNULL = YES;
				CLANG_ANALYZER_NUMBER_OBJECT_CONVERSION = YES_AGGRESSIVE;
				CLANG_CXX_LANGUAGE_STANDARD = "gnu++14";
				CLANG_CXX_LIBRARY = "libc++";
				CLANG_ENABLE_MODULES = YES;
				CLANG_ENABLE_OBJC_ARC = YES;
				CLANG_ENABLE_OBJC_WEAK = YES;
				CLANG_WARN_BLOCK_CAPTURE_AUTORELEASING = YES;
				CLANG_WARN_BOOL_CONVERSION = YES;
				CLANG_WARN_COMMA = YES;
				CLANG_WARN_CONSTANT_CONVERSION = YES;
				CLANG_WARN_DEPRECATED_OBJC_IMPLEMENTATIONS = YES;
				CLANG_WARN_DIRECT_OBJC_ISA_USAGE = YES_ERROR;
				CLANG_WARN_DOCUMENTATION_COMMENTS = YES;
				CLANG_WARN_EMPTY_BODY = YES;
				CLANG_WARN_ENUM_CONVERSION = YES;
				CLANG_WARN_INFINITE_RECURSION = YES;
				CLANG_WARN_INT_CONVERSION = YES;
				CLANG_WARN_NON_LITERAL_NULL_CONVERSION = YES;
				CLANG_WARN_OBJC_IMPLICIT_RETAIN_SELF = YES;
				CLANG_WARN_OBJC_LITERAL_CONVERSION = YES;
				CLANG_WARN_OBJC_ROOT_CLASS = YES_ERROR;
				CLANG_WARN_QUOTED_INCLUDE_IN_FRAMEWORK_HEADER = YES;
				CLANG_WARN_RANGE_LOOP_ANALYSIS = YES;
				CLANG_WARN_STRICT_PROTOTYPES = YES;
				CLANG_WARN_SUSPICIOUS_MOVE = YES;
				CLANG_WARN_UNGUARDED_AVAILABILITY = YES_AGGRESSIVE;
				CLANG_WARN_UNREACHABLE_CODE = YES;
				CLANG_WARN__DUPLICATE_METHOD_MATCH = YES;
				COPY_PHASE_STRIP = NO;
				DEBUG_INFORMATION_FORMAT = dwarf;
				ENABLE_STRICT_OBJC_MSGSEND = YES;
				ENABLE_TESTABILITY = YES;
				GCC_C_LANGUAGE_STANDARD = gnu11;
				GCC_DYNAMIC_NO_PIC = NO;
				GCC_NO_COMMON_BLOCKS = YES;
				GCC_OPTIMIZATION_LEVEL = 0;
				GCC_PREPROCESSOR_DEFINITIONS = (
					"DEBUG=1",
					"$(inherited)",
				);
				GCC_WARN_64_TO_32_BIT_CONVERSION = YES;
				GCC_WARN_ABOUT_RETURN_TYPE = YES_ERROR;
				GCC_WARN_UNDECLARED_SELECTOR = YES;
				GCC_WARN_UNINITIALIZED_AUTOS = YES_AGGRESSIVE;
				GCC_WARN_UNUSED_FUNCTION = YES;
				GCC_WARN_UNUSED_VARIABLE = YES;
				IPHONEOS_DEPLOYMENT_TARGET = 14.4;
				MTL_ENABLE_DEBUG_INFO = INCLUDE_SOURCE;
				MTL_FAST_MATH = YES;
				ONLY_ACTIVE_ARCH = YES;
				SDKROOT = iphoneos;
				SWIFT_ACTIVE_COMPILATION_CONDITIONS = DEBUG;
				SWIFT_OPTIMIZATION_LEVEL = "-Onone";
			};
			name = Debug;
		};
		021A5EB0262D8DFA00C1A049 /* Release */ = {
			isa = XCBuildConfiguration;
			buildSettings = {
				ALWAYS_SEARCH_USER_PATHS = NO;
				CLANG_ANALYZER_NONNULL = YES;
				CLANG_ANALYZER_NUMBER_OBJECT_CONVERSION = YES_AGGRESSIVE;
				CLANG_CXX_LANGUAGE_STANDARD = "gnu++14";
				CLANG_CXX_LIBRARY = "libc++";
				CLANG_ENABLE_MODULES = YES;
				CLANG_ENABLE_OBJC_ARC = YES;
				CLANG_ENABLE_OBJC_WEAK = YES;
				CLANG_WARN_BLOCK_CAPTURE_AUTORELEASING = YES;
				CLANG_WARN_BOOL_CONVERSION = YES;
				CLANG_WARN_COMMA = YES;
				CLANG_WARN_CONSTANT_CONVERSION = YES;
				CLANG_WARN_DEPRECATED_OBJC_IMPLEMENTATIONS = YES;
				CLANG_WARN_DIRECT_OBJC_ISA_USAGE = YES_ERROR;
				CLANG_WARN_DOCUMENTATION_COMMENTS = YES;
				CLANG_WARN_EMPTY_BODY = YES;
				CLANG_WARN_ENUM_CONVERSION = YES;
				CLANG_WARN_INFINITE_RECURSION = YES;
				CLANG_WARN_INT_CONVERSION = YES;
				CLANG_WARN_NON_LITERAL_NULL_CONVERSION = YES;
				CLANG_WARN_OBJC_IMPLICIT_RETAIN_SELF = YES;
				CLANG_WARN_OBJC_LITERAL_CONVERSION = YES;
				CLANG_WARN_OBJC_ROOT_CLASS = YES_ERROR;
				CLANG_WARN_QUOTED_INCLUDE_IN_FRAMEWORK_HEADER = YES;
				CLANG_WARN_RANGE_LOOP_ANALYSIS = YES;
				CLANG_WARN_STRICT_PROTOTYPES = YES;
				CLANG_WARN_SUSPICIOUS_MOVE = YES;
				CLANG_WARN_UNGUARDED_AVAILABILITY = YES_AGGRESSIVE;
				CLANG_WARN_UNREACHABLE_CODE = YES;
				CLANG_WARN__DUPLICATE_METHOD_MATCH = YES;
				COPY_PHASE_STRIP = NO;
				DEBUG_INFORMATION_FORMAT = "dwarf-with-dsym";
				ENABLE_NS_ASSERTIONS = NO;
				ENABLE_STRICT_OBJC_MSGSEND = YES;
				GCC_C_LANGUAGE_STANDARD = gnu11;
				GCC_NO_COMMON_BLOCKS = YES;
				GCC_WARN_64_TO_32_BIT_CONVERSION = YES;
				GCC_WARN_ABOUT_RETURN_TYPE = YES_ERROR;
				GCC_WARN_UNDECLARED_SELECTOR = YES;
				GCC_WARN_UNINITIALIZED_AUTOS = YES_AGGRESSIVE;
				GCC_WARN_UNUSED_FUNCTION = YES;
				GCC_WARN_UNUSED_VARIABLE = YES;
				IPHONEOS_DEPLOYMENT_TARGET = 14.4;
				MTL_ENABLE_DEBUG_INFO = NO;
				MTL_FAST_MATH = YES;
				SDKROOT = iphoneos;
				SWIFT_COMPILATION_MODE = wholemodule;
				SWIFT_OPTIMIZATION_LEVEL = "-O";
				VALIDATE_PRODUCT = YES;
			};
			name = Release;
		};
		021A5EB2262D8DFA00C1A049 /* Debug */ = {
			isa = XCBuildConfiguration;
			buildSettings = {
				ASSETCATALOG_COMPILER_APPICON_NAME = AppIcon;
				ASSETCATALOG_COMPILER_GLOBAL_ACCENT_COLOR_NAME = AccentColor;
				CODE_SIGN_STYLE = Automatic;
				DEVELOPMENT_TEAM = FYR5A4P4VU;
				INFOPLIST_FILE = firstkadaiApp/Info.plist;
				LD_RUNPATH_SEARCH_PATHS = (
					"$(inherited)",
					"@executable_path/Frameworks",
				);
				PRODUCT_BUNDLE_IDENTIFIER = jp.techacademy.shinya.akiho.firstkadaiApp;
				PRODUCT_NAME = "$(TARGET_NAME)";
				SWIFT_VERSION = 5.0;
				TARGETED_DEVICE_FAMILY = "1,2";
			};
			name = Debug;
		};
		021A5EB3262D8DFA00C1A049 /* Release */ = {
			isa = XCBuildConfiguration;
			buildSettings = {
				ASSETCATALOG_COMPILER_APPICON_NAME = AppIcon;
				ASSETCATALOG_COMPILER_GLOBAL_ACCENT_COLOR_NAME = AccentColor;
				CODE_SIGN_STYLE = Automatic;
				DEVELOPMENT_TEAM = FYR5A4P4VU;
				INFOPLIST_FILE = firstkadaiApp/Info.plist;
				LD_RUNPATH_SEARCH_PATHS = (
					"$(inherited)",
					"@executable_path/Frameworks",
				);
				PRODUCT_BUNDLE_IDENTIFIER = jp.techacademy.shinya.akiho.firstkadaiApp;
				PRODUCT_NAME = "$(TARGET_NAME)";
				SWIFT_VERSION = 5.0;
				TARGETED_DEVICE_FAMILY = "1,2";
			};
			name = Release;
		};
/* End XCBuildConfiguration section */

/* Begin XCConfigurationList section */
		021A5E98262D8DF600C1A049 /* Build configuration list for PBXProject "firstkadaiApp" */ = {
			isa = XCConfigurationList;
			buildConfigurations = (
				021A5EAF262D8DFA00C1A049 /* Debug */,
				021A5EB0262D8DFA00C1A049 /* Release */,
			);
			defaultConfigurationIsVisible = 0;
			defaultConfigurationName = Release;
		};
		021A5EB1262D8DFA00C1A049 /* Build configuration list for PBXNativeTarget "firstkadaiApp" */ = {
			isa = XCConfigurationList;
			buildConfigurations = (
				021A5EB2262D8DFA00C1A049 /* Debug */,
				021A5EB3262D8DFA00C1A049 /* Release */,
			);
			defaultConfigurationIsVisible = 0;
			defaultConfigurationName = Release;
		};
/* End XCConfigurationList section */
	};
	rootObject = 021A5E95262D8DF600C1A049 /* Project object */;
}
